// !$*UTF8*$!
{
	archiveVersion = 1;
	classes = {
	};
	objectVersion = 51;
	objects = {

/* Begin PBXBuildFile section */
		19B4979FAD887F044FA37BAB /* Pods_PlaygroundTests.framework in Frameworks */ = {isa = PBXBuildFile; fileRef = BD38D3EE145E1D1FE55D771D /* Pods_PlaygroundTests.framework */; };
		1A345C10DAA79F73BFA2A416 /* Pods_Playground.framework in Frameworks */ = {isa = PBXBuildFile; fileRef = F55C9813250B290E4DDFE78F /* Pods_Playground.framework */; };
		1EE67EF4C5F95E49C67E64BA /* Pods_Playground_PlaygroundUITests.framework in Frameworks */ = {isa = PBXBuildFile; fileRef = 3414E88482AEEF4CA5EB1562 /* Pods_Playground_PlaygroundUITests.framework */; };
		4FACB5F623D53C3700F99DB6 /* AppDelegate.swift in Sources */ = {isa = PBXBuildFile; fileRef = 4FACB5F523D53C3700F99DB6 /* AppDelegate.swift */; };
		4FACB5F823D53C3700F99DB6 /* ViewController.swift in Sources */ = {isa = PBXBuildFile; fileRef = 4FACB5F723D53C3700F99DB6 /* ViewController.swift */; };
		4FACB5FB23D53C3700F99DB6 /* Main.storyboard in Resources */ = {isa = PBXBuildFile; fileRef = 4FACB5F923D53C3700F99DB6 /* Main.storyboard */; };
		4FACB5FD23D53C3800F99DB6 /* Assets.xcassets in Resources */ = {isa = PBXBuildFile; fileRef = 4FACB5FC23D53C3800F99DB6 /* Assets.xcassets */; };
		4FACB60023D53C3900F99DB6 /* LaunchScreen.storyboard in Resources */ = {isa = PBXBuildFile; fileRef = 4FACB5FE23D53C3900F99DB6 /* LaunchScreen.storyboard */; };
		4FACB60B23D53C3900F99DB6 /* PlaygroundTests.swift in Sources */ = {isa = PBXBuildFile; fileRef = 4FACB60A23D53C3900F99DB6 /* PlaygroundTests.swift */; };
		4FACB61623D53C3900F99DB6 /* PlaygroundUITests.swift in Sources */ = {isa = PBXBuildFile; fileRef = 4FACB61523D53C3900F99DB6 /* PlaygroundUITests.swift */; };
/* End PBXBuildFile section */

/* Begin PBXContainerItemProxy section */
		4FACB60723D53C3900F99DB6 /* PBXContainerItemProxy */ = {
			isa = PBXContainerItemProxy;
			containerPortal = 4FACB5EA23D53C3700F99DB6 /* Project object */;
			proxyType = 1;
			remoteGlobalIDString = 4FACB5F123D53C3700F99DB6;
			remoteInfo = Playground;
		};
		4FACB61223D53C3900F99DB6 /* PBXContainerItemProxy */ = {
			isa = PBXContainerItemProxy;
			containerPortal = 4FACB5EA23D53C3700F99DB6 /* Project object */;
			proxyType = 1;
			remoteGlobalIDString = 4FACB5F123D53C3700F99DB6;
			remoteInfo = Playground;
		};
/* End PBXContainerItemProxy section */

/* Begin PBXFileReference section */
		15B095309B6F4F02C4C51F95 /* Pods-PlaygroundTests.debug.xcconfig */ = {isa = PBXFileReference; includeInIndex = 1; lastKnownFileType = text.xcconfig; name = "Pods-PlaygroundTests.debug.xcconfig"; path = "Target Support Files/Pods-PlaygroundTests/Pods-PlaygroundTests.debug.xcconfig"; sourceTree = "<group>"; };
		3414E88482AEEF4CA5EB1562 /* Pods_Playground_PlaygroundUITests.framework */ = {isa = PBXFileReference; explicitFileType = wrapper.framework; includeInIndex = 0; path = Pods_Playground_PlaygroundUITests.framework; sourceTree = BUILT_PRODUCTS_DIR; };
		35DF69805851F24D5B3639F3 /* Pods-Playground-PlaygroundUITests.release.xcconfig */ = {isa = PBXFileReference; includeInIndex = 1; lastKnownFileType = text.xcconfig; name = "Pods-Playground-PlaygroundUITests.release.xcconfig"; path = "Target Support Files/Pods-Playground-PlaygroundUITests/Pods-Playground-PlaygroundUITests.release.xcconfig"; sourceTree = "<group>"; };
		4FACB5F223D53C3700F99DB6 /* Playground.app */ = {isa = PBXFileReference; explicitFileType = wrapper.application; includeInIndex = 0; path = Playground.app; sourceTree = BUILT_PRODUCTS_DIR; };
		4FACB5F523D53C3700F99DB6 /* AppDelegate.swift */ = {isa = PBXFileReference; lastKnownFileType = sourcecode.swift; path = AppDelegate.swift; sourceTree = "<group>"; };
		4FACB5F723D53C3700F99DB6 /* ViewController.swift */ = {isa = PBXFileReference; lastKnownFileType = sourcecode.swift; path = ViewController.swift; sourceTree = "<group>"; };
		4FACB5FA23D53C3700F99DB6 /* Base */ = {isa = PBXFileReference; lastKnownFileType = file.storyboard; name = Base; path = Base.lproj/Main.storyboard; sourceTree = "<group>"; };
		4FACB5FC23D53C3800F99DB6 /* Assets.xcassets */ = {isa = PBXFileReference; lastKnownFileType = folder.assetcatalog; path = Assets.xcassets; sourceTree = "<group>"; };
		4FACB5FF23D53C3900F99DB6 /* Base */ = {isa = PBXFileReference; lastKnownFileType = file.storyboard; name = Base; path = Base.lproj/LaunchScreen.storyboard; sourceTree = "<group>"; };
		4FACB60123D53C3900F99DB6 /* Info.plist */ = {isa = PBXFileReference; lastKnownFileType = text.plist.xml; path = Info.plist; sourceTree = "<group>"; };
		4FACB60623D53C3900F99DB6 /* PlaygroundTests.xctest */ = {isa = PBXFileReference; explicitFileType = wrapper.cfbundle; includeInIndex = 0; path = PlaygroundTests.xctest; sourceTree = BUILT_PRODUCTS_DIR; };
		4FACB60A23D53C3900F99DB6 /* PlaygroundTests.swift */ = {isa = PBXFileReference; lastKnownFileType = sourcecode.swift; path = PlaygroundTests.swift; sourceTree = "<group>"; };
		4FACB60C23D53C3900F99DB6 /* Info.plist */ = {isa = PBXFileReference; lastKnownFileType = text.plist.xml; path = Info.plist; sourceTree = "<group>"; };
		4FACB61123D53C3900F99DB6 /* PlaygroundUITests.xctest */ = {isa = PBXFileReference; explicitFileType = wrapper.cfbundle; includeInIndex = 0; path = PlaygroundUITests.xctest; sourceTree = BUILT_PRODUCTS_DIR; };
		4FACB61523D53C3900F99DB6 /* PlaygroundUITests.swift */ = {isa = PBXFileReference; lastKnownFileType = sourcecode.swift; path = PlaygroundUITests.swift; sourceTree = "<group>"; };
		4FACB61723D53C3900F99DB6 /* Info.plist */ = {isa = PBXFileReference; lastKnownFileType = text.plist.xml; path = Info.plist; sourceTree = "<group>"; };
		4FACB62323D53D4600F99DB6 /* Playground.playground */ = {isa = PBXFileReference; lastKnownFileType = file.playground; path = Playground.playground; sourceTree = "<group>"; xcLanguageSpecificationIdentifier = xcode.lang.swift; };
		51C71DCB3A9420D490520886 /* Pods-Playground-PlaygroundUITests.debug.xcconfig */ = {isa = PBXFileReference; includeInIndex = 1; lastKnownFileType = text.xcconfig; name = "Pods-Playground-PlaygroundUITests.debug.xcconfig"; path = "Target Support Files/Pods-Playground-PlaygroundUITests/Pods-Playground-PlaygroundUITests.debug.xcconfig"; sourceTree = "<group>"; };
		BD38D3EE145E1D1FE55D771D /* Pods_PlaygroundTests.framework */ = {isa = PBXFileReference; explicitFileType = wrapper.framework; includeInIndex = 0; path = Pods_PlaygroundTests.framework; sourceTree = BUILT_PRODUCTS_DIR; };
		CDBB6F4D66661C4389DB54B6 /* Pods-Playground.debug.xcconfig */ = {isa = PBXFileReference; includeInIndex = 1; lastKnownFileType = text.xcconfig; name = "Pods-Playground.debug.xcconfig"; path = "Target Support Files/Pods-Playground/Pods-Playground.debug.xcconfig"; sourceTree = "<group>"; };
		DF57EBA63862C856FF24EC43 /* Pods-PlaygroundTests.release.xcconfig */ = {isa = PBXFileReference; includeInIndex = 1; lastKnownFileType = text.xcconfig; name = "Pods-PlaygroundTests.release.xcconfig"; path = "Target Support Files/Pods-PlaygroundTests/Pods-PlaygroundTests.release.xcconfig"; sourceTree = "<group>"; };
		F4373618028DCC1E35E31BA6 /* Pods-Playground.release.xcconfig */ = {isa = PBXFileReference; includeInIndex = 1; lastKnownFileType = text.xcconfig; name = "Pods-Playground.release.xcconfig"; path = "Target Support Files/Pods-Playground/Pods-Playground.release.xcconfig"; sourceTree = "<group>"; };
		F55C9813250B290E4DDFE78F /* Pods_Playground.framework */ = {isa = PBXFileReference; explicitFileType = wrapper.framework; includeInIndex = 0; path = Pods_Playground.framework; sourceTree = BUILT_PRODUCTS_DIR; };
/* End PBXFileReference section */

/* Begin PBXFrameworksBuildPhase section */
		4FACB5EF23D53C3700F99DB6 /* Frameworks */ = {
			isa = PBXFrameworksBuildPhase;
			buildActionMask = 2147483647;
			files = (
				1A345C10DAA79F73BFA2A416 /* Pods_Playground.framework in Frameworks */,
			);
			runOnlyForDeploymentPostprocessing = 0;
		};
		4FACB60323D53C3900F99DB6 /* Frameworks */ = {
			isa = PBXFrameworksBuildPhase;
			buildActionMask = 2147483647;
			files = (
				19B4979FAD887F044FA37BAB /* Pods_PlaygroundTests.framework in Frameworks */,
			);
			runOnlyForDeploymentPostprocessing = 0;
		};
		4FACB60E23D53C3900F99DB6 /* Frameworks */ = {
			isa = PBXFrameworksBuildPhase;
			buildActionMask = 2147483647;
			files = (
				1EE67EF4C5F95E49C67E64BA /* Pods_Playground_PlaygroundUITests.framework in Frameworks */,
			);
			runOnlyForDeploymentPostprocessing = 0;
		};
/* End PBXFrameworksBuildPhase section */

/* Begin PBXGroup section */
		4FACB5E923D53C3700F99DB6 = {
			isa = PBXGroup;
			children = (
				4FACB62323D53D4600F99DB6 /* Playground.playground */,
				4FACB5F423D53C3700F99DB6 /* Playground */,
				4FACB60923D53C3900F99DB6 /* PlaygroundTests */,
				4FACB61423D53C3900F99DB6 /* PlaygroundUITests */,
				4FACB5F323D53C3700F99DB6 /* Products */,
				6C7817D329D7C196515E6998 /* Pods */,
				7DA8123D6527432F52817665 /* Frameworks */,
			);
			sourceTree = "<group>";
		};
		4FACB5F323D53C3700F99DB6 /* Products */ = {
			isa = PBXGroup;
			children = (
				4FACB5F223D53C3700F99DB6 /* Playground.app */,
				4FACB60623D53C3900F99DB6 /* PlaygroundTests.xctest */,
				4FACB61123D53C3900F99DB6 /* PlaygroundUITests.xctest */,
			);
			name = Products;
			sourceTree = "<group>";
		};
		4FACB5F423D53C3700F99DB6 /* Playground */ = {
			isa = PBXGroup;
			children = (
				4FACB5F523D53C3700F99DB6 /* AppDelegate.swift */,
				4FACB5F723D53C3700F99DB6 /* ViewController.swift */,
				4FACB5F923D53C3700F99DB6 /* Main.storyboard */,
				4FACB5FC23D53C3800F99DB6 /* Assets.xcassets */,
				4FACB5FE23D53C3900F99DB6 /* LaunchScreen.storyboard */,
				4FACB60123D53C3900F99DB6 /* Info.plist */,
			);
			path = Playground;
			sourceTree = "<group>";
		};
		4FACB60923D53C3900F99DB6 /* PlaygroundTests */ = {
			isa = PBXGroup;
			children = (
				4FACB60A23D53C3900F99DB6 /* PlaygroundTests.swift */,
				4FACB60C23D53C3900F99DB6 /* Info.plist */,
			);
			path = PlaygroundTests;
			sourceTree = "<group>";
		};
		4FACB61423D53C3900F99DB6 /* PlaygroundUITests */ = {
			isa = PBXGroup;
			children = (
				4FACB61523D53C3900F99DB6 /* PlaygroundUITests.swift */,
				4FACB61723D53C3900F99DB6 /* Info.plist */,
			);
			path = PlaygroundUITests;
			sourceTree = "<group>";
		};
		6C7817D329D7C196515E6998 /* Pods */ = {
			isa = PBXGroup;
			children = (
				CDBB6F4D66661C4389DB54B6 /* Pods-Playground.debug.xcconfig */,
				F4373618028DCC1E35E31BA6 /* Pods-Playground.release.xcconfig */,
				51C71DCB3A9420D490520886 /* Pods-Playground-PlaygroundUITests.debug.xcconfig */,
				35DF69805851F24D5B3639F3 /* Pods-Playground-PlaygroundUITests.release.xcconfig */,
				15B095309B6F4F02C4C51F95 /* Pods-PlaygroundTests.debug.xcconfig */,
				DF57EBA63862C856FF24EC43 /* Pods-PlaygroundTests.release.xcconfig */,
			);
			path = Pods;
			sourceTree = "<group>";
		};
		7DA8123D6527432F52817665 /* Frameworks */ = {
			isa = PBXGroup;
			children = (
				F55C9813250B290E4DDFE78F /* Pods_Playground.framework */,
				3414E88482AEEF4CA5EB1562 /* Pods_Playground_PlaygroundUITests.framework */,
				BD38D3EE145E1D1FE55D771D /* Pods_PlaygroundTests.framework */,
			);
			name = Frameworks;
			sourceTree = "<group>";
		};
/* End PBXGroup section */

/* Begin PBXNativeTarget section */
		4FACB5F123D53C3700F99DB6 /* Playground */ = {
			isa = PBXNativeTarget;
			buildConfigurationList = 4FACB61A23D53C3900F99DB6 /* Build configuration list for PBXNativeTarget "Playground" */;
			buildPhases = (
				047E1C3B496370BC94E9532B /* [CP] Check Pods Manifest.lock */,
				4FACB5EE23D53C3700F99DB6 /* Sources */,
				4FACB5EF23D53C3700F99DB6 /* Frameworks */,
				4FACB5F023D53C3700F99DB6 /* Resources */,
				C520310F7D518144C0A3675C /* [CP] Embed Pods Frameworks */,
			);
			buildRules = (
			);
			dependencies = (
			);
			name = Playground;
			productName = Playground;
			productReference = 4FACB5F223D53C3700F99DB6 /* Playground.app */;
			productType = "com.apple.product-type.application";
		};
		4FACB60523D53C3900F99DB6 /* PlaygroundTests */ = {
			isa = PBXNativeTarget;
			buildConfigurationList = 4FACB61D23D53C3900F99DB6 /* Build configuration list for PBXNativeTarget "PlaygroundTests" */;
			buildPhases = (
				AC48ED89FC0763A5CA799586 /* [CP] Check Pods Manifest.lock */,
				4FACB60223D53C3900F99DB6 /* Sources */,
				4FACB60323D53C3900F99DB6 /* Frameworks */,
				4FACB60423D53C3900F99DB6 /* Resources */,
			);
			buildRules = (
			);
			dependencies = (
				4FACB60823D53C3900F99DB6 /* PBXTargetDependency */,
			);
			name = PlaygroundTests;
			productName = PlaygroundTests;
			productReference = 4FACB60623D53C3900F99DB6 /* PlaygroundTests.xctest */;
			productType = "com.apple.product-type.bundle.unit-test";
		};
		4FACB61023D53C3900F99DB6 /* PlaygroundUITests */ = {
			isa = PBXNativeTarget;
			buildConfigurationList = 4FACB62023D53C3900F99DB6 /* Build configuration list for PBXNativeTarget "PlaygroundUITests" */;
			buildPhases = (
				F8802B912AFB36B65B854394 /* [CP] Check Pods Manifest.lock */,
				4FACB60D23D53C3900F99DB6 /* Sources */,
				4FACB60E23D53C3900F99DB6 /* Frameworks */,
				4FACB60F23D53C3900F99DB6 /* Resources */,
				7BC5AB446EB505422B27FF9F /* [CP] Embed Pods Frameworks */,
			);
			buildRules = (
			);
			dependencies = (
				4FACB61323D53C3900F99DB6 /* PBXTargetDependency */,
			);
			name = PlaygroundUITests;
			productName = PlaygroundUITests;
			productReference = 4FACB61123D53C3900F99DB6 /* PlaygroundUITests.xctest */;
			productType = "com.apple.product-type.bundle.ui-testing";
		};
/* End PBXNativeTarget section */

/* Begin PBXProject section */
		4FACB5EA23D53C3700F99DB6 /* Project object */ = {
			isa = PBXProject;
			attributes = {
				LastSwiftUpdateCheck = 1030;
				LastUpgradeCheck = 1030;
				ORGANIZATIONNAME = "Melaka Atalugamage";
				TargetAttributes = {
					4FACB5F123D53C3700F99DB6 = {
						CreatedOnToolsVersion = 10.3;
					};
					4FACB60523D53C3900F99DB6 = {
						CreatedOnToolsVersion = 10.3;
						TestTargetID = 4FACB5F123D53C3700F99DB6;
					};
					4FACB61023D53C3900F99DB6 = {
						CreatedOnToolsVersion = 10.3;
						TestTargetID = 4FACB5F123D53C3700F99DB6;
					};
				};
			};
			buildConfigurationList = 4FACB5ED23D53C3700F99DB6 /* Build configuration list for PBXProject "Playground" */;
			compatibilityVersion = "Xcode 9.3";
			developmentRegion = en;
			hasScannedForEncodings = 0;
			knownRegions = (
				en,
				Base,
			);
			mainGroup = 4FACB5E923D53C3700F99DB6;
			productRefGroup = 4FACB5F323D53C3700F99DB6 /* Products */;
			projectDirPath = "";
			projectRoot = "";
			targets = (
				4FACB5F123D53C3700F99DB6 /* Playground */,
				4FACB60523D53C3900F99DB6 /* PlaygroundTests */,
				4FACB61023D53C3900F99DB6 /* PlaygroundUITests */,
			);
		};
/* End PBXProject section */

/* Begin PBXResourcesBuildPhase section */
		4FACB5F023D53C3700F99DB6 /* Resources */ = {
			isa = PBXResourcesBuildPhase;
			buildActionMask = 2147483647;
			files = (
				4FACB60023D53C3900F99DB6 /* LaunchScreen.storyboard in Resources */,
				4FACB5FD23D53C3800F99DB6 /* Assets.xcassets in Resources */,
				4FACB5FB23D53C3700F99DB6 /* Main.storyboard in Resources */,
			);
			runOnlyForDeploymentPostprocessing = 0;
		};
		4FACB60423D53C3900F99DB6 /* Resources */ = {
			isa = PBXResourcesBuildPhase;
			buildActionMask = 2147483647;
			files = (
			);
			runOnlyForDeploymentPostprocessing = 0;
		};
		4FACB60F23D53C3900F99DB6 /* Resources */ = {
			isa = PBXResourcesBuildPhase;
			buildActionMask = 2147483647;
			files = (
			);
			runOnlyForDeploymentPostprocessing = 0;
		};
/* End PBXResourcesBuildPhase section */

/* Begin PBXShellScriptBuildPhase section */
		047E1C3B496370BC94E9532B /* [CP] Check Pods Manifest.lock */ = {
			isa = PBXShellScriptBuildPhase;
			buildActionMask = 2147483647;
			files = (
			);
			inputFileListPaths = (
			);
			inputPaths = (
				"${PODS_PODFILE_DIR_PATH}/Podfile.lock",
				"${PODS_ROOT}/Manifest.lock",
			);
			name = "[CP] Check Pods Manifest.lock";
			outputFileListPaths = (
			);
			outputPaths = (
				"$(DERIVED_FILE_DIR)/Pods-Playground-checkManifestLockResult.txt",
			);
			runOnlyForDeploymentPostprocessing = 0;
			shellPath = /bin/sh;
			shellScript = "diff \"${PODS_PODFILE_DIR_PATH}/Podfile.lock\" \"${PODS_ROOT}/Manifest.lock\" > /dev/null\nif [ $? != 0 ] ; then\n    # print error to STDERR\n    echo \"error: The sandbox is not in sync with the Podfile.lock. Run 'pod install' or update your CocoaPods installation.\" >&2\n    exit 1\nfi\n# This output is used by Xcode 'outputs' to avoid re-running this script phase.\necho \"SUCCESS\" > \"${SCRIPT_OUTPUT_FILE_0}\"\n";
			showEnvVarsInLog = 0;
		};
		7BC5AB446EB505422B27FF9F /* [CP] Embed Pods Frameworks */ = {
			isa = PBXShellScriptBuildPhase;
			buildActionMask = 2147483647;
			files = (
			);
			inputFileListPaths = (
				"${PODS_ROOT}/Target Support Files/Pods-Playground-PlaygroundUITests/Pods-Playground-PlaygroundUITests-frameworks-${CONFIGURATION}-input-files.xcfilelist",
			);
			name = "[CP] Embed Pods Frameworks";
			outputFileListPaths = (
				"${PODS_ROOT}/Target Support Files/Pods-Playground-PlaygroundUITests/Pods-Playground-PlaygroundUITests-frameworks-${CONFIGURATION}-output-files.xcfilelist",
			);
			runOnlyForDeploymentPostprocessing = 0;
			shellPath = /bin/sh;
			shellScript = "\"${PODS_ROOT}/Target Support Files/Pods-Playground-PlaygroundUITests/Pods-Playground-PlaygroundUITests-frameworks.sh\"\n";
			showEnvVarsInLog = 0;
		};
		AC48ED89FC0763A5CA799586 /* [CP] Check Pods Manifest.lock */ = {
			isa = PBXShellScriptBuildPhase;
			buildActionMask = 2147483647;
			files = (
			);
			inputFileListPaths = (
			);
			inputPaths = (
				"${PODS_PODFILE_DIR_PATH}/Podfile.lock",
				"${PODS_ROOT}/Manifest.lock",
			);
			name = "[CP] Check Pods Manifest.lock";
			outputFileListPaths = (
			);
			outputPaths = (
				"$(DERIVED_FILE_DIR)/Pods-PlaygroundTests-checkManifestLockResult.txt",
			);
			runOnlyForDeploymentPostprocessing = 0;
			shellPath = /bin/sh;
			shellScript = "diff \"${PODS_PODFILE_DIR_PATH}/Podfile.lock\" \"${PODS_ROOT}/Manifest.lock\" > /dev/null\nif [ $? != 0 ] ; then\n    # print error to STDERR\n    echo \"error: The sandbox is not in sync with the Podfile.lock. Run 'pod install' or update your CocoaPods installation.\" >&2\n    exit 1\nfi\n# This output is used by Xcode 'outputs' to avoid re-running this script phase.\necho \"SUCCESS\" > \"${SCRIPT_OUTPUT_FILE_0}\"\n";
			showEnvVarsInLog = 0;
		};
		C520310F7D518144C0A3675C /* [CP] Embed Pods Frameworks */ = {
			isa = PBXShellScriptBuildPhase;
			buildActionMask = 2147483647;
			files = (
			);
			inputFileListPaths = (
				"${PODS_ROOT}/Target Support Files/Pods-Playground/Pods-Playground-frameworks-${CONFIGURATION}-input-files.xcfilelist",
			);
			name = "[CP] Embed Pods Frameworks";
			outputFileListPaths = (
				"${PODS_ROOT}/Target Support Files/Pods-Playground/Pods-Playground-frameworks-${CONFIGURATION}-output-files.xcfilelist",
			);
			runOnlyForDeploymentPostprocessing = 0;
			shellPath = /bin/sh;
			shellScript = "\"${PODS_ROOT}/Target Support Files/Pods-Playground/Pods-Playground-frameworks.sh\"\n";
			showEnvVarsInLog = 0;
		};
		F8802B912AFB36B65B854394 /* [CP] Check Pods Manifest.lock */ = {
			isa = PBXShellScriptBuildPhase;
			buildActionMask = 2147483647;
			files = (
			);
			inputFileListPaths = (
			);
			inputPaths = (
				"${PODS_PODFILE_DIR_PATH}/Podfile.lock",
				"${PODS_ROOT}/Manifest.lock",
			);
			name = "[CP] Check Pods Manifest.lock";
			outputFileListPaths = (
			);
			outputPaths = (
				"$(DERIVED_FILE_DIR)/Pods-Playground-PlaygroundUITests-checkManifestLockResult.txt",
			);
			runOnlyForDeploymentPostprocessing = 0;
			shellPath = /bin/sh;
			shellScript = "diff \"${PODS_PODFILE_DIR_PATH}/Podfile.lock\" \"${PODS_ROOT}/Manifest.lock\" > /dev/null\nif [ $? != 0 ] ; then\n    # print error to STDERR\n    echo \"error: The sandbox is not in sync with the Podfile.lock. Run 'pod install' or update your CocoaPods installation.\" >&2\n    exit 1\nfi\n# This output is used by Xcode 'outputs' to avoid re-running this script phase.\necho \"SUCCESS\" > \"${SCRIPT_OUTPUT_FILE_0}\"\n";
			showEnvVarsInLog = 0;
		};
/* End PBXShellScriptBuildPhase section */

/* Begin PBXSourcesBuildPhase section */
		4FACB5EE23D53C3700F99DB6 /* Sources */ = {
			isa = PBXSourcesBuildPhase;
			buildActionMask = 2147483647;
			files = (
				4FACB5F823D53C3700F99DB6 /* ViewController.swift in Sources */,
				4FACB5F623D53C3700F99DB6 /* AppDelegate.swift in Sources */,
			);
			runOnlyForDeploymentPostprocessing = 0;
		};
		4FACB60223D53C3900F99DB6 /* Sources */ = {
			isa = PBXSourcesBuildPhase;
			buildActionMask = 2147483647;
			files = (
				4FACB60B23D53C3900F99DB6 /* PlaygroundTests.swift in Sources */,
			);
			runOnlyForDeploymentPostprocessing = 0;
		};
		4FACB60D23D53C3900F99DB6 /* Sources */ = {
			isa = PBXSourcesBuildPhase;
			buildActionMask = 2147483647;
			files = (
				4FACB61623D53C3900F99DB6 /* PlaygroundUITests.swift in Sources */,
			);
			runOnlyForDeploymentPostprocessing = 0;
		};
/* End PBXSourcesBuildPhase section */

/* Begin PBXTargetDependency section */
		4FACB60823D53C3900F99DB6 /* PBXTargetDependency */ = {
			isa = PBXTargetDependency;
			target = 4FACB5F123D53C3700F99DB6 /* Playground */;
			targetProxy = 4FACB60723D53C3900F99DB6 /* PBXContainerItemProxy */;
		};
		4FACB61323D53C3900F99DB6 /* PBXTargetDependency */ = {
			isa = PBXTargetDependency;
			target = 4FACB5F123D53C3700F99DB6 /* Playground */;
			targetProxy = 4FACB61223D53C3900F99DB6 /* PBXContainerItemProxy */;
		};
/* End PBXTargetDependency section */

/* Begin PBXVariantGroup section */
		4FACB5F923D53C3700F99DB6 /* Main.storyboard */ = {
			isa = PBXVariantGroup;
			children = (
				4FACB5FA23D53C3700F99DB6 /* Base */,
			);
			name = Main.storyboard;
			sourceTree = "<group>";
		};
		4FACB5FE23D53C3900F99DB6 /* LaunchScreen.storyboard */ = {
			isa = PBXVariantGroup;
			children = (
				4FACB5FF23D53C3900F99DB6 /* Base */,
			);
			name = LaunchScreen.storyboard;
			sourceTree = "<group>";
		};
/* End PBXVariantGroup section */

/* Begin XCBuildConfiguration section */
		4FACB61823D53C3900F99DB6 /* Debug */ = {
			isa = XCBuildConfiguration;
			buildSettings = {
				ALWAYS_SEARCH_USER_PATHS = NO;
				CLANG_ANALYZER_NONNULL = YES;
				CLANG_ANALYZER_NUMBER_OBJECT_CONVERSION = YES_AGGRESSIVE;
				CLANG_CXX_LANGUAGE_STANDARD = "gnu++14";
				CLANG_CXX_LIBRARY = "libc++";
				CLANG_ENABLE_MODULES = YES;
				CLANG_ENABLE_OBJC_ARC = YES;
				CLANG_ENABLE_OBJC_WEAK = YES;
				CLANG_WARN_BLOCK_CAPTURE_AUTORELEASING = YES;
				CLANG_WARN_BOOL_CONVERSION = YES;
				CLANG_WARN_COMMA = YES;
				CLANG_WARN_CONSTANT_CONVERSION = YES;
				CLANG_WARN_DEPRECATED_OBJC_IMPLEMENTATIONS = YES;
				CLANG_WARN_DIRECT_OBJC_ISA_USAGE = YES_ERROR;
				CLANG_WARN_DOCUMENTATION_COMMENTS = YES;
				CLANG_WARN_EMPTY_BODY = YES;
				CLANG_WARN_ENUM_CONVERSION = YES;
				CLANG_WARN_INFINITE_RECURSION = YES;
				CLANG_WARN_INT_CONVERSION = YES;
				CLANG_WARN_NON_LITERAL_NULL_CONVERSION = YES;
				CLANG_WARN_OBJC_IMPLICIT_RETAIN_SELF = YES;
				CLANG_WARN_OBJC_LITERAL_CONVERSION = YES;
				CLANG_WARN_OBJC_ROOT_CLASS = YES_ERROR;
				CLANG_WARN_RANGE_LOOP_ANALYSIS = YES;
				CLANG_WARN_STRICT_PROTOTYPES = YES;
				CLANG_WARN_SUSPICIOUS_MOVE = YES;
				CLANG_WARN_UNGUARDED_AVAILABILITY = YES_AGGRESSIVE;
				CLANG_WARN_UNREACHABLE_CODE = YES;
				CLANG_WARN__DUPLICATE_METHOD_MATCH = YES;
				CODE_SIGN_IDENTITY = "iPhone Developer";
				COPY_PHASE_STRIP = NO;
				DEBUG_INFORMATION_FORMAT = dwarf;
				ENABLE_STRICT_OBJC_MSGSEND = YES;
				ENABLE_TESTABILITY = YES;
				GCC_C_LANGUAGE_STANDARD = gnu11;
				GCC_DYNAMIC_NO_PIC = NO;
				GCC_NO_COMMON_BLOCKS = YES;
				GCC_OPTIMIZATION_LEVEL = 0;
				GCC_PREPROCESSOR_DEFINITIONS = (
					"DEBUG=1",
					"$(inherited)",
				);
				GCC_WARN_64_TO_32_BIT_CONVERSION = YES;
				GCC_WARN_ABOUT_RETURN_TYPE = YES_ERROR;
				GCC_WARN_UNDECLARED_SELECTOR = YES;
				GCC_WARN_UNINITIALIZED_AUTOS = YES_AGGRESSIVE;
				GCC_WARN_UNUSED_FUNCTION = YES;
				GCC_WARN_UNUSED_VARIABLE = YES;
				IPHONEOS_DEPLOYMENT_TARGET = 12.4;
				MTL_ENABLE_DEBUG_INFO = INCLUDE_SOURCE;
				MTL_FAST_MATH = YES;
				ONLY_ACTIVE_ARCH = YES;
				SDKROOT = iphoneos;
				SWIFT_ACTIVE_COMPILATION_CONDITIONS = DEBUG;
				SWIFT_OPTIMIZATION_LEVEL = "-Onone";
			};
			name = Debug;
		};
		4FACB61923D53C3900F99DB6 /* Release */ = {
			isa = XCBuildConfiguration;
			buildSettings = {
				ALWAYS_SEARCH_USER_PATHS = NO;
				CLANG_ANALYZER_NONNULL = YES;
				CLANG_ANALYZER_NUMBER_OBJECT_CONVERSION = YES_AGGRESSIVE;
				CLANG_CXX_LANGUAGE_STANDARD = "gnu++14";
				CLANG_CXX_LIBRARY = "libc++";
				CLANG_ENABLE_MODULES = YES;
				CLANG_ENABLE_OBJC_ARC = YES;
				CLANG_ENABLE_OBJC_WEAK = YES;
				CLANG_WARN_BLOCK_CAPTURE_AUTORELEASING = YES;
				CLANG_WARN_BOOL_CONVERSION = YES;
				CLANG_WARN_COMMA = YES;
				CLANG_WARN_CONSTANT_CONVERSION = YES;
				CLANG_WARN_DEPRECATED_OBJC_IMPLEMENTATIONS = YES;
				CLANG_WARN_DIRECT_OBJC_ISA_USAGE = YES_ERROR;
				CLANG_WARN_DOCUMENTATION_COMMENTS = YES;
				CLANG_WARN_EMPTY_BODY = YES;
				CLANG_WARN_ENUM_CONVERSION = YES;
				CLANG_WARN_INFINITE_RECURSION = YES;
				CLANG_WARN_INT_CONVERSION = YES;
				CLANG_WARN_NON_LITERAL_NULL_CONVERSION = YES;
				CLANG_WARN_OBJC_IMPLICIT_RETAIN_SELF = YES;
				CLANG_WARN_OBJC_LITERAL_CONVERSION = YES;
				CLANG_WARN_OBJC_ROOT_CLASS = YES_ERROR;
				CLANG_WARN_RANGE_LOOP_ANALYSIS = YES;
				CLANG_WARN_STRICT_PROTOTYPES = YES;
				CLANG_WARN_SUSPICIOUS_MOVE = YES;
				CLANG_WARN_UNGUARDED_AVAILABILITY = YES_AGGRESSIVE;
				CLANG_WARN_UNREACHABLE_CODE = YES;
				CLANG_WARN__DUPLICATE_METHOD_MATCH = YES;
				CODE_SIGN_IDENTITY = "iPhone Developer";
				COPY_PHASE_STRIP = NO;
				DEBUG_INFORMATION_FORMAT = "dwarf-with-dsym";
				ENABLE_NS_ASSERTIONS = NO;
				ENABLE_STRICT_OBJC_MSGSEND = YES;
				GCC_C_LANGUAGE_STANDARD = gnu11;
				GCC_NO_COMMON_BLOCKS = YES;
				GCC_WARN_64_TO_32_BIT_CONVERSION = YES;
				GCC_WARN_ABOUT_RETURN_TYPE = YES_ERROR;
				GCC_WARN_UNDECLARED_SELECTOR = YES;
				GCC_WARN_UNINITIALIZED_AUTOS = YES_AGGRESSIVE;
				GCC_WARN_UNUSED_FUNCTION = YES;
				GCC_WARN_UNUSED_VARIABLE = YES;
				IPHONEOS_DEPLOYMENT_TARGET = 12.4;
				MTL_ENABLE_DEBUG_INFO = NO;
				MTL_FAST_MATH = YES;
				SDKROOT = iphoneos;
				SWIFT_COMPILATION_MODE = wholemodule;
				SWIFT_OPTIMIZATION_LEVEL = "-O";
				VALIDATE_PRODUCT = YES;
			};
			name = Release;
		};
		4FACB61B23D53C3900F99DB6 /* Debug */ = {
			isa = XCBuildConfiguration;
			baseConfigurationReference = CDBB6F4D66661C4389DB54B6 /* Pods-Playground.debug.xcconfig */;
			buildSettings = {
				ASSETCATALOG_COMPILER_APPICON_NAME = AppIcon;
				CODE_SIGN_IDENTITY = "iPhone Developer";
				CODE_SIGN_STYLE = Automatic;
				DEVELOPMENT_TEAM = 4Y927CFRKM;
				INFOPLIST_FILE = Playground/Info.plist;
				IPHONEOS_DEPLOYMENT_TARGET = 10.3;
				LD_RUNPATH_SEARCH_PATHS = (
					"$(inherited)",
					"@executable_path/Frameworks",
				);
				PRODUCT_BUNDLE_IDENTIFIER = com.dyson.demo.t;
				PRODUCT_NAME = "$(TARGET_NAME)";
				PROVISIONING_PROFILE_SPECIFIER = "";
				SWIFT_VERSION = 5.0;
				TARGETED_DEVICE_FAMILY = "1,2";
			};
			name = Debug;
		};
		4FACB61C23D53C3900F99DB6 /* Release */ = {
			isa = XCBuildConfiguration;
			baseConfigurationReference = F4373618028DCC1E35E31BA6 /* Pods-Playground.release.xcconfig */;
			buildSettings = {
				ASSETCATALOG_COMPILER_APPICON_NAME = AppIcon;
				CODE_SIGN_IDENTITY = "iPhone Developer";
				CODE_SIGN_STYLE = Automatic;
				DEVELOPMENT_TEAM = 4Y927CFRKM;
				INFOPLIST_FILE = Playground/Info.plist;
				IPHONEOS_DEPLOYMENT_TARGET = 10.3;
				LD_RUNPATH_SEARCH_PATHS = (
					"$(inherited)",
					"@executable_path/Frameworks",
				);
				PRODUCT_BUNDLE_IDENTIFIER = com.dyson.demo.t;
				PRODUCT_NAME = "$(TARGET_NAME)";
				PROVISIONING_PROFILE_SPECIFIER = "";
				SWIFT_VERSION = 5.0;
				TARGETED_DEVICE_FAMILY = "1,2";
			};
			name = Release;
		};
		4FACB61E23D53C3900F99DB6 /* Debug */ = {
			isa = XCBuildConfiguration;
			baseConfigurationReference = 15B095309B6F4F02C4C51F95 /* Pods-PlaygroundTests.debug.xcconfig */;
			buildSettings = {
				ALWAYS_EMBED_SWIFT_STANDARD_LIBRARIES = YES;
				BUNDLE_LOADER = "$(TEST_HOST)";
				CODE_SIGN_STYLE = Automatic;
				INFOPLIST_FILE = PlaygroundTests/Info.plist;
				LD_RUNPATH_SEARCH_PATHS = (
					"$(inherited)",
					"@executable_path/Frameworks",
					"@loader_path/Frameworks",
				);
				PRODUCT_BUNDLE_IDENTIFIER = com.test.PlaygroundTests;
				PRODUCT_NAME = "$(TARGET_NAME)";
				SWIFT_VERSION = 5.0;
				TARGETED_DEVICE_FAMILY = "1,2";
				TEST_HOST = "$(BUILT_PRODUCTS_DIR)/Playground.app/Playground";
			};
			name = Debug;
		};
		4FACB61F23D53C3900F99DB6 /* Release */ = {
			isa = XCBuildConfiguration;
			baseConfigurationReference = DF57EBA63862C856FF24EC43 /* Pods-PlaygroundTests.release.xcconfig */;
			buildSettings = {
				ALWAYS_EMBED_SWIFT_STANDARD_LIBRARIES = YES;
				BUNDLE_LOADER = "$(TEST_HOST)";
				CODE_SIGN_STYLE = Automatic;
				INFOPLIST_FILE = PlaygroundTests/Info.plist;
				LD_RUNPATH_SEARCH_PATHS = (
					"$(inherited)",
					"@executable_path/Frameworks",
					"@loader_path/Frameworks",
				);
				PRODUCT_BUNDLE_IDENTIFIER = com.test.PlaygroundTests;
				PRODUCT_NAME = "$(TARGET_NAME)";
				SWIFT_VERSION = 5.0;
				TARGETED_DEVICE_FAMILY = "1,2";
				TEST_HOST = "$(BUILT_PRODUCTS_DIR)/Playground.app/Playground";
			};
			name = Release;
		};
		4FACB62123D53C3900F99DB6 /* Debug */ = {
			isa = XCBuildConfiguration;
			baseConfigurationReference = 51C71DCB3A9420D490520886 /* Pods-Playground-PlaygroundUITests.debug.xcconfig */;
			buildSettings = {
				ALWAYS_EMBED_SWIFT_STANDARD_LIBRARIES = YES;
				CODE_SIGN_STYLE = Automatic;
				INFOPLIST_FILE = PlaygroundUITests/Info.plist;
				LD_RUNPATH_SEARCH_PATHS = (
					"$(inherited)",
					"@executable_path/Frameworks",
					"@loader_path/Frameworks",
				);
				PRODUCT_BUNDLE_IDENTIFIER = com.test.PlaygroundUITests;
				PRODUCT_NAME = "$(TARGET_NAME)";
				SWIFT_VERSION = 5.0;
				TARGETED_DEVICE_FAMILY = "1,2";
				TEST_TARGET_NAME = Playground;
			};
			name = Debug;
		};
		4FACB62223D53C3900F99DB6 /* Release */ = {
			isa = XCBuildConfiguration;
			baseConfigurationReference = 35DF69805851F24D5B3639F3 /* Pods-Playground-PlaygroundUITests.release.xcconfig */;
			buildSettings = {
				ALWAYS_EMBED_SWIFT_STANDARD_LIBRARIES = YES;
				CODE_SIGN_STYLE = Automatic;
				INFOPLIST_FILE = PlaygroundUITests/Info.plist;
				LD_RUNPATH_SEARCH_PATHS = (
					"$(inherited)",
					"@executable_path/Frameworks",
					"@loader_path/Frameworks",
				);
				PRODUCT_BUNDLE_IDENTIFIER = com.test.PlaygroundUITests;
				PRODUCT_NAME = "$(TARGET_NAME)";
				SWIFT_VERSION = 5.0;
				TARGETED_DEVICE_FAMILY = "1,2";
				TEST_TARGET_NAME = Playground;
			};
			name = Release;
		};
/* End XCBuildConfiguration section */

/* Begin XCConfigurationList section */
		4FACB5ED23D53C3700F99DB6 /* Build configuration list for PBXProject "Playground" */ = {
			isa = XCConfigurationList;
			buildConfigurations = (
				4FACB61823D53C3900F99DB6 /* Debug */,
				4FACB61923D53C3900F99DB6 /* Release */,
			);
			defaultConfigurationIsVisible = 0;
			defaultConfigurationName = Release;
		};
		4FACB61A23D53C3900F99DB6 /* Build configuration list for PBXNativeTarget "Playground" */ = {
			isa = XCConfigurationList;
			buildConfigurations = (
				4FACB61B23D53C3900F99DB6 /* Debug */,
				4FACB61C23D53C3900F99DB6 /* Release */,
			);
			defaultConfigurationIsVisible = 0;
			defaultConfigurationName = Release;
		};
		4FACB61D23D53C3900F99DB6 /* Build configuration list for PBXNativeTarget "PlaygroundTests" */ = {
			isa = XCConfigurationList;
			buildConfigurations = (
				4FACB61E23D53C3900F99DB6 /* Debug */,
				4FACB61F23D53C3900F99DB6 /* Release */,
			);
			defaultConfigurationIsVisible = 0;
			defaultConfigurationName = Release;
		};
		4FACB62023D53C3900F99DB6 /* Build configuration list for PBXNativeTarget "PlaygroundUITests" */ = {
			isa = XCConfigurationList;
			buildConfigurations = (
				4FACB62123D53C3900F99DB6 /* Debug */,
				4FACB62223D53C3900F99DB6 /* Release */,
			);
			defaultConfigurationIsVisible = 0;
			defaultConfigurationName = Release;
		};
/* End XCConfigurationList section */
	};
	rootObject = 4FACB5EA23D53C3700F99DB6 /* Project object */;
}
